<?xml version="1.0" encoding="utf-8"?>
<Project ToolsVersion="4.0" xmlns="http://schemas.microsoft.com/developer/msbuild/2003">
  <ItemGroup>
    <Filter Include="Source Files">
      <UniqueIdentifier>{4FC737F1-C7A5-4376-A066-2A32D752A2FF}</UniqueIdentifier>
      <Extensions>cpp;c;cc;cxx;def;odl;idl;hpj;bat;asm;asmx</Extensions>
    </Filter>
    <Filter Include="Header Files">
      <UniqueIdentifier>{93995380-89BD-4b04-88EB-625FBE52EBFB}</UniqueIdentifier>
      <Extensions>h;hh;hpp;hxx;hm;inl;inc;ipp;xsd</Extensions>
    </Filter>
    <Filter Include="Resource Files">
      <UniqueIdentifier>{67DA6AB6-F800-4c08-8B7A-83BB121AAD01}</UniqueIdentifier>
      <Extensions>rc;ico;cur;bmp;dlg;rc2;rct;bin;rgs;gif;jpg;jpeg;jpe;resx;tiff;tif;png;wav;mfcribbon-ms</Extensions>
    </Filter>
    <Filter Include="Source Files\TATBasis">
      <UniqueIdentifier>{db055186-3184-4ca6-a25b-c7af41078b69}</UniqueIdentifier>
    </Filter>
    <Filter Include="Source Files\TATBroadPhase">
      <UniqueIdentifier>{d1aaea36-d574-4206-ab20-1357f9f43da9}</UniqueIdentifier>
    </Filter>
    <Filter Include="Source Files\TATCommon">
      <UniqueIdentifier>{c10755aa-5e14-45d5-b8d4-5b1b86536374}</UniqueIdentifier>
    </Filter>
    <Filter Include="Source Files\TATDynamics">
      <UniqueIdentifier>{ff3dd619-1837-45a8-86f1-a7e68984fd34}</UniqueIdentifier>
    </Filter>
    <Filter Include="Source Files\TATFiles">
      <UniqueIdentifier>{c4978fb5-c7cd-4f27-b969-a2f85139a4f8}</UniqueIdentifier>
    </Filter>
    <Filter Include="Source Files\TATGeometry">
      <UniqueIdentifier>{54043735-d4c3-410f-8af9-bdbac4534e05}</UniqueIdentifier>
    </Filter>
    <Filter Include="Source Files\TATNarrowPhase">
      <UniqueIdentifier>{55569cc5-4775-4999-91f7-309a73b6d5a9}</UniqueIdentifier>
    </Filter>
  </ItemGroup>
  <ItemGroup>
    <ClInclude Include="TATBasis\TString.h">
      <Filter>Source Files\TATBasis</Filter>
    </ClInclude>
    <ClInclude Include="TATBroadPhase\TATBVTree.h">
      <Filter>Source Files\TATBroadPhase</Filter>
    </ClInclude>
    <ClInclude Include="TATCommon\TATCore.h">
      <Filter>Source Files\TATCommon</Filter>
    </ClInclude>
    <ClInclude Include="TATCommon\TATMatrix3.h">
      <Filter>Source Files\TATCommon</Filter>
    </ClInclude>
    <ClInclude Include="TATCommon\TATQuaternion.h">
      <Filter>Source Files\TATCommon</Filter>
    </ClInclude>
    <ClInclude Include="TATCommon\TATRange.h">
      <Filter>Source Files\TATCommon</Filter>
    </ClInclude>
    <ClInclude Include="TATCommon\TATVector3.h">
      <Filter>Source Files\TATCommon</Filter>
    </ClInclude>
    <ClInclude Include="TATDynamics\TATPgsJacobiSolver.h">
      <Filter>Source Files\TATDynamics</Filter>
    </ClInclude>
    <ClInclude Include="TATDynamics\TATRigidBody.h">
      <Filter>Source Files\TATDynamics</Filter>
    </ClInclude>
    <ClInclude Include="TATDynamics\TATRigidBodyData.h">
      <Filter>Source Files\TATDynamics</Filter>
    </ClInclude>
    <ClInclude Include="TATDynamics\TATSolverBody.h">
      <Filter>Source Files\TATDynamics</Filter>
    </ClInclude>
    <ClInclude Include="TATDynamics\TATSolverConstraint.h">
      <Filter>Source Files\TATDynamics</Filter>
    </ClInclude>
    <ClInclude Include="TATGeometry\TATGeometryComputer.h">
      <Filter>Source Files\TATGeometry</Filter>
    </ClInclude>
    <ClInclude Include="TATGeometry\TATInertia.h">
      <Filter>Source Files\TATGeometry</Filter>
    </ClInclude>
    <ClInclude Include="TATGeometry\TATMeshInfo.h">
      <Filter>Source Files\TATGeometry</Filter>
    </ClInclude>
    <ClInclude Include="TATGeometry\TATPhyPrimitive.h">
      <Filter>Source Files\TATGeometry</Filter>
    </ClInclude>
    <ClInclude Include="TATNarrowPhase\TATCCD.h">
      <Filter>Source Files\TATNarrowPhase</Filter>
    </ClInclude>
    <ClInclude Include="TATNarrowPhase\TATSAT.h">
      <Filter>Source Files\TATNarrowPhase</Filter>
    </ClInclude>
    <ClInclude Include="TATDynamics\TATDynamicWorld.h">
      <Filter>Source Files\TATDynamics</Filter>
    </ClInclude>
    <ClInclude Include="TATCommon\TATransformUtil.h">
      <Filter>Source Files\TATCommon</Filter>
    </ClInclude>
    <ClInclude Include="TATCommon\TATransform.h">
      <Filter>Source Files\TATCommon</Filter>
    </ClInclude>
  </ItemGroup>
  <ItemGroup>
    <ClCompile Include="TATDynamics\TATPgsJacobiSolver.cpp">
      <Filter>Source Files\TATDynamics</Filter>
    </ClCompile>
    <ClCompile Include="TATDynamics\TATRigidBody.cpp">
      <Filter>Source Files\TATDynamics</Filter>
    </ClCompile>
    <ClCompile Include="TATGeometry\TATInertia.cpp">
      <Filter>Source Files\TATGeometry</Filter>
    </ClCompile>
    <ClCompile Include="TATDynamics\TATDynamicWorld.cpp">
      <Filter>Source Files\TATDynamics</Filter>
    </ClCompile>
    <ClCompile Include="TATCommon\TATransfromUtil.cpp">
      <Filter>Source Files\TATCommon</Filter>
    </ClCompile>
  </ItemGroup>
</Project>